# This is a Gradle generated file for dependency locking.
# Manual edits can break the build and are not advised.
# This file is expected to be part of source control.
# To regenerate this file, run: ./gradlew :ngtor:dependencies --write-locks
biz.aQute.bnd:biz.aQute.bnd.annotation:7.1.0=integTestCompileClasspath,testCompileClasspath
ch.qos.logback:logback-classic:1.5.38=integTestCompileClasspath,integTestRuntimeClasspath,testCompileClasspath,testRuntimeClasspath
ch.qos.logback:logback-core:1.5.38=integTestCompileClasspath,integTestRuntimeClasspath,testCompileClasspath,testRuntimeClasspath
com.github.spotbugs:spotbugs-annotations:4.10.4=compileClasspath,integTestCompileClasspath,spotbugs,testCompileClasspath
com.github.spotbugs:spotbugs:4.10.4=spotbugs
com.github.stephenc.jcip:jcip-annotations:1.0-1=spotbugs
com.google.code.findbugs:jsr305:3.0.2=checkstyle,compileClasspath,integTestCompileClasspath,spotbugs,testCompileClasspath
com.google.code.gson:gson:2.13.2=spotbugs
com.google.errorprone:error_prone_annotations:2.50.0=checkstyle,compileClasspath,integTestCompileClasspath,integTestRuntimeClasspath,runtimeClasspath,spotbugs,testCompileClasspath,testRuntimeClasspath
com.google.guava:failureaccess:1.0.3=checkstyle,compileClasspath,integTestCompileClasspath,integTestRuntimeClasspath,runtimeClasspath,testCompileClasspath,testRuntimeClasspath
com.google.guava:guava:33.6.0-jre=checkstyle
com.google.guava:guava:33.7.1-jre=compileClasspath,integTestCompileClasspath,integTestRuntimeClasspath,runtimeClasspath,testCompileClasspath,testRuntimeClasspath
com.google.guava:listenablefuture:9999.0-empty-to-avoid-conflict-with-guava=checkstyle,compileClasspath,integTestCompileClasspath,integTestRuntimeClasspath,runtimeClasspath,testCompileClasspath,testRuntimeClasspath
com.google.j2objc:j2objc-annotations:3.1=checkstyle,compileClasspath,integTestCompileClasspath,integTestRuntimeClasspath,runtimeClasspath,testCompileClasspath,testRuntimeClasspath
com.h3xstream.findsecbugs:findsecbugs-plugin:1.14.0=spotbugsPlugins
com.jayway.jsonpath:json-path:2.10.0=integTestCompileClasspath,integTestRuntimeClasspath,testCompileClasspath,testRuntimeClasspath
com.puppycrawl.tools:checkstyle:14.0.0=checkstyle
com.vaadin.external.google:android-json:0.0.20131108.vaadin1=integTestCompileClasspath,integTestRuntimeClasspath,testCompileClasspath,testRuntimeClasspath
commons-beanutils:commons-beanutils:1.11.0=checkstyle
commons-collections:commons-collections:3.2.2=checkstyle
commons-io:commons-io:2.21.0=spotbugs
commons-logging:commons-logging:1.3.6=integTestCompileClasspath,integTestRuntimeClasspath,testCompileClasspath,testRuntimeClasspath
info.picocli:picocli:4.7.7=checkstyle
io.micrometer:micrometer-commons:1.17.1=integTestCompileClasspath,integTestRuntimeClasspath,testCompileClasspath,testRuntimeClasspath
io.micrometer:micrometer-observation:1.17.1=integTestCompileClasspath,integTestRuntimeClasspath,testCompileClasspath,testRuntimeClasspath
jakarta.activation:jakarta.activation-api:2.1.4=integTestCompileClasspath,integTestRuntimeClasspath,testCompileClasspath,testRuntimeClasspath
jakarta.annotation:jakarta.annotation-api:3.0.0=integTestCompileClasspath,integTestRuntimeClasspath,testCompileClasspath,testRuntimeClasspath
jakarta.xml.bind:jakarta.xml.bind-api:4.0.5=integTestCompileClasspath,integTestRuntimeClasspath,testCompileClasspath,testRuntimeClasspath
jaxen:jaxen:2.0.6=spotbugs
net.bytebuddy:byte-buddy-agent:1.18.11=integTestCompileClasspath,integTestRuntimeClasspath,testCompileClasspath,testRuntimeClasspath
net.bytebuddy:byte-buddy:1.18.11=integTestCompileClasspath,integTestRuntimeClasspath,testCompileClasspath,testRuntimeClasspath
net.minidev:accessors-smart:2.6.0=integTestCompileClasspath,integTestRuntimeClasspath,testCompileClasspath,testRuntimeClasspath
net.minidev:json-smart:2.6.0=integTestCompileClasspath,integTestRuntimeClasspath,testCompileClasspath,testRuntimeClasspath
net.sf.saxon:Saxon-HE:12.10=spotbugs
net.sf.saxon:Saxon-HE:12.9=checkstyle
org.antlr:antlr4-runtime:4.13.2=checkstyle
org.apache.bcel:bcel:6.12.0=spotbugs
org.apache.commons:commons-lang3:3.20.0=spotbugs
org.apache.commons:commons-text:1.15.0=spotbugs
org.apache.logging.log4j:log4j-api:2.25.5=integTestCompileClasspath,integTestRuntimeClasspath,spotbugs,testCompileClasspath,testRuntimeClasspath
org.apache.logging.log4j:log4j-core:2.25.5=spotbugs
org.apache.logging.log4j:log4j-to-slf4j:2.25.5=integTestCompileClasspath,integTestRuntimeClasspath,testCompileClasspath,testRuntimeClasspath
org.apiguardian:apiguardian-api:1.1.2=integTestCompileClasspath,testCompileClasspath
org.assertj:assertj-core:3.27.7=integTestCompileClasspath,integTestRuntimeClasspath,testCompileClasspath,testRuntimeClasspath
org.awaitility:awaitility:4.3.0=integTestCompileClasspath,integTestRuntimeClasspath,testCompileClasspath,testRuntimeClasspath
org.dom4j:dom4j:2.2.0=spotbugs
org.hamcrest:hamcrest:3.0=integTestCompileClasspath,integTestRuntimeClasspath,testCompileClasspath,testRuntimeClasspath
org.jacoco:org.jacoco.agent:0.8.14=jacocoAgent,jacocoAnt
org.jacoco:org.jacoco.ant:0.8.14=jacocoAnt
org.jacoco:org.jacoco.core:0.8.14=jacocoAnt
org.jacoco:org.jacoco.report:0.8.14=jacocoAnt
org.javassist:javassist:3.28.0-GA=checkstyle
org.jspecify:jspecify:1.0.1=checkstyle,compileClasspath,integTestCompileClasspath,integTestRuntimeClasspath,runtimeClasspath,testCompileClasspath,testRuntimeClasspath
org.junit.jupiter:junit-jupiter-api:6.0.3=integTestCompileClasspath,integTestRuntimeClasspath,testCompileClasspath,testRuntimeClasspath
org.junit.jupiter:junit-jupiter-engine:6.0.3=integTestRuntimeClasspath,testRuntimeClasspath
org.junit.jupiter:junit-jupiter-params:6.0.3=integTestCompileClasspath,integTestRuntimeClasspath,testCompileClasspath,testRuntimeClasspath
org.junit.jupiter:junit-jupiter:6.0.3=integTestCompileClasspath,integTestRuntimeClasspath,testCompileClasspath,testRuntimeClasspath
org.junit.platform:junit-platform-commons:6.0.3=integTestCompileClasspath,integTestRuntimeClasspath,testCompileClasspath,testRuntimeClasspath
org.junit.platform:junit-platform-engine:6.0.3=integTestRuntimeClasspath,testRuntimeClasspath
org.junit.platform:junit-platform-launcher:6.0.3=integTestRuntimeClasspath,testRuntimeClasspath
org.junit:junit-bom:6.0.3=integTestCompileClasspath,integTestRuntimeClasspath,testCompileClasspath,testRuntimeClasspath
org.mockito:mockito-core:5.23.0=integTestCompileClasspath,integTestRuntimeClasspath,testCompileClasspath,testRuntimeClasspath
org.mockito:mockito-junit-jupiter:5.23.0=integTestCompileClasspath,integTestRuntimeClasspath,testCompileClasspath,testRuntimeClasspath
org.objenesis:objenesis:3.3=integTestRuntimeClasspath,testRuntimeClasspath
org.opentest4j:opentest4j:1.3.0=integTestCompileClasspath,integTestRuntimeClasspath,testCompileClasspath,testRuntimeClasspath
org.osgi:org.osgi.annotation.bundle:2.0.0=integTestCompileClasspath,testCompileClasspath
org.osgi:org.osgi.annotation.versioning:1.1.2=integTestCompileClasspath,testCompileClasspath
org.osgi:org.osgi.resource:1.0.0=integTestCompileClasspath,testCompileClasspath
org.osgi:org.osgi.service.serviceloader:1.0.0=integTestCompileClasspath,testCompileClasspath
org.ow2.asm:asm-analysis:9.10.1=spotbugs
org.ow2.asm:asm-commons:9.10.1=spotbugs
org.ow2.asm:asm-commons:9.9=jacocoAnt
org.ow2.asm:asm-tree:9.10.1=spotbugs
org.ow2.asm:asm-tree:9.9=jacocoAnt
org.ow2.asm:asm-util:9.10.1=spotbugs
org.ow2.asm:asm:9.10.1=spotbugs
org.ow2.asm:asm:9.7.1=integTestCompileClasspath,integTestRuntimeClasspath,testCompileClasspath,testRuntimeClasspath
org.ow2.asm:asm:9.9=jacocoAnt
org.projectlombok:lombok:1.18.46=annotationProcessor,compileClasspath,integTestAnnotationProcessor,integTestCompileClasspath,lombok,testAnnotationProcessor,testCompileClasspath
org.reflections:reflections:0.10.2=checkstyle
org.skyscreamer:jsonassert:1.5.3=integTestCompileClasspath,integTestRuntimeClasspath,testCompileClasspath,testRuntimeClasspath
org.slf4j:jul-to-slf4j:2.0.18=integTestCompileClasspath,integTestRuntimeClasspath,testCompileClasspath,testRuntimeClasspath
org.slf4j:slf4j-api:2.0.18=compileClasspath,integTestCompileClasspath,integTestRuntimeClasspath,runtimeClasspath,spotbugs,spotbugsSlf4j,testCompileClasspath,testRuntimeClasspath
org.slf4j:slf4j-simple:2.0.17=spotbugsSlf4j
org.slf4j:slf4j-simple:2.0.18=checkstyle
org.springframework.boot:spring-boot-autoconfigure:4.1.1=integTestCompileClasspath,integTestRuntimeClasspath,testCompileClasspath,testRuntimeClasspath
org.springframework.boot:spring-boot-starter-logging:4.1.1=integTestCompileClasspath,integTestRuntimeClasspath,testCompileClasspath,testRuntimeClasspath
org.springframework.boot:spring-boot-starter-test:4.1.1=integTestCompileClasspath,integTestRuntimeClasspath,testCompileClasspath,testRuntimeClasspath
org.springframework.boot:spring-boot-starter:4.1.1=integTestCompileClasspath,integTestRuntimeClasspath,testCompileClasspath,testRuntimeClasspath
org.springframework.boot:spring-boot-test-autoconfigure:4.1.1=integTestCompileClasspath,integTestRuntimeClasspath,testCompileClasspath,testRuntimeClasspath
org.springframework.boot:spring-boot-test:4.1.1=integTestCompileClasspath,integTestRuntimeClasspath,testCompileClasspath,testRuntimeClasspath
org.springframework.boot:spring-boot:4.1.1=integTestCompileClasspath,integTestRuntimeClasspath,testCompileClasspath,testRuntimeClasspath
org.springframework:spring-aop:7.0.9=integTestCompileClasspath,integTestRuntimeClasspath,testCompileClasspath,testRuntimeClasspath
org.springframework:spring-beans:7.0.9=integTestCompileClasspath,integTestRuntimeClasspath,testCompileClasspath,testRuntimeClasspath
org.springframework:spring-context:7.0.9=integTestCompileClasspath,integTestRuntimeClasspath,testCompileClasspath,testRuntimeClasspath
org.springframework:spring-core:7.0.9=integTestCompileClasspath,integTestRuntimeClasspath,testCompileClasspath,testRuntimeClasspath
org.springframework:spring-expression:7.0.9=integTestCompileClasspath,integTestRuntimeClasspath,testCompileClasspath,testRuntimeClasspath
org.springframework:spring-test:7.0.9=integTestCompileClasspath,integTestRuntimeClasspath,testCompileClasspath,testRuntimeClasspath
org.xmlresolver:xmlresolver:5.3.3=checkstyle,spotbugs
org.xmlunit:xmlunit-core:2.11.0=integTestCompileClasspath,integTestRuntimeClasspath,testCompileClasspath,testRuntimeClasspath
org.yaml:snakeyaml:2.6=integTestCompileClasspath,integTestRuntimeClasspath,testCompileClasspath,testRuntimeClasspath
empty=
